
Microsoft Visual Studio Solution File, Format Version 12.00
# Visual Studio Version 17
VisualStudioVersion = 17.11.35222.181
MinimumVisualStudioVersion = 10.0.40219.1
Project("{FAE04EC0-301F-11D3-BF4B-00C04F79EFBC}") = "MineSweeperConsole", "MineSweeper\MineSweeperConsole.csproj", "{E468EAC4-A0A9-47FB-AA88-4F67735EB7CC}"
EndProject
Project("{FAE04EC0-301F-11D3-BF4B-00C04F79EFBC}") = "MineSweeperClasses", "MineSweeperClasses\MineSweeperClasses.csproj", "{9C0848F8-916D-4C97-9099-F56E8F65FA92}"
EndProject
Global
	GlobalSection(SolutionConfigurationPlatforms) = preSolution
		Debug|Any CPU = Debug|Any CPU
		Release|Any CPU = Release|Any CPU
	EndGlobalSection
	GlobalSection(ProjectConfigurationPlatforms) = postSolution
		{E468EAC4-A0A9-47FB-AA88-4F67735EB7CC}.Debug|Any CPU.ActiveCfg = Debug|Any CPU
		{E468EAC4-A0A9-47FB-AA88-4F67735EB7CC}.Debug|Any CPU.Build.0 = Debug|Any CPU
		{E468EAC4-A0A9-47FB-AA88-4F67735EB7CC}.Release|Any CPU.ActiveCfg = Release|Any CPU
		{E468EAC4-A0A9-47FB-AA88-4F67735EB7CC}.Release|Any CPU.Build.0 = Release|Any CPU
		{9C0848F8-916D-4C97-9099-F56E8F65FA92}.Debug|Any CPU.ActiveCfg = Debug|Any CPU
		{9C0848F8-916D-4C97-9099-F56E8F65FA92}.Debug|Any CPU.Build.0 = Debug|Any CPU
		{9C0848F8-916D-4C97-9099-F56E8F65FA92}.Release|Any CPU.ActiveCfg = Release|Any CPU
		{9C0848F8-916D-4C97-9099-F56E8F65FA92}.Release|Any CPU.Build.0 = Release|Any CPU
	EndGlobalSection
	GlobalSection(SolutionProperties) = preSolution
		HideSolutionNode = FALSE
	EndGlobalSection
	GlobalSection(ExtensibilityGlobals) = postSolution
		SolutionGuid = {98FFB0AB-1B38-4CA3-8BF7-C7C6431E15FA}
	EndGlobalSection
EndGlobal
